
Microsoft Visual Studio Solution File, Format Version 12.00
# Visual Studio Version 16
VisualStudioVersion = 16.0.31205.134
MinimumVisualStudioVersion = 10.0.40219.1
Project("{FAE04EC0-301F-11D3-BF4B-00C04F79EFBC}") = "lab12", "lab12\lab12.csproj", "{5E8B4927-1E61-41FF-92F0-C48FB3D31627}"
EndProject
Global
	GlobalSection(SolutionConfigurationPlatforms) = preSolution
		Debug|Any CPU = Debug|Any CPU
		Release|Any CPU = Release|Any CPU
	EndGlobalSection
	GlobalSection(ProjectConfigurationPlatforms) = postSolution
		{5E8B4927-1E61-41FF-92F0-C48FB3D31627}.Debug|Any CPU.ActiveCfg = Debug|Any CPU
		{5E8B4927-1E61-41FF-92F0-C48FB3D31627}.Debug|Any CPU.Build.0 = Debug|Any CPU
		{5E8B4927-1E61-41FF-92F0-C48FB3D31627}.Release|Any CPU.ActiveCfg = Release|Any CPU
		{5E8B4927-1E61-41FF-92F0-C48FB3D31627}.Release|Any CPU.Build.0 = Release|Any CPU
	EndGlobalSection
	GlobalSection(SolutionProperties) = preSolution
		HideSolutionNode = FALSE
	EndGlobalSection
	GlobalSection(ExtensibilityGlobals) = postSolution
		SolutionGuid = {364DEAC1-3783-46BF-8A46-40637A090424}
	EndGlobalSection
EndGlobal
